
Microsoft Visual Studio Solution File, Format Version 12.00
# Visual Studio Version 17
VisualStudioVersion = 17.0.31912.275
MinimumVisualStudioVersion = 10.0.40219.1
Project("{9A19103F-16F7-4668-BE54-9A1E7A4F7556}") = "ImportSheetConsole.netcore", "ImportSheetConsole\ImportSheetConsole.netcore.csproj", "{44F44DD1-F19D-4D9D-A0DE-0FD3D86A333F}"
EndProject
Global
	GlobalSection(SolutionConfigurationPlatforms) = preSolution
		Debug|Any CPU = Debug|Any CPU
		Release|Any CPU = Release|Any CPU
	EndGlobalSection
	GlobalSection(ProjectConfigurationPlatforms) = postSolution
		{44F44DD1-F19D-4D9D-A0DE-0FD3D86A333F}.Debug|Any CPU.ActiveCfg = Debug|Any CPU
		{44F44DD1-F19D-4D9D-A0DE-0FD3D86A333F}.Debug|Any CPU.Build.0 = Debug|Any CPU
		{44F44DD1-F19D-4D9D-A0DE-0FD3D86A333F}.Release|Any CPU.ActiveCfg = Release|Any CPU
		{44F44DD1-F19D-4D9D-A0DE-0FD3D86A333F}.Release|Any CPU.Build.0 = Release|Any CPU
	EndGlobalSection
	GlobalSection(SolutionProperties) = preSolution
		HideSolutionNode = FALSE
	EndGlobalSection
	GlobalSection(ExtensibilityGlobals) = postSolution
		SolutionGuid = {399A3A95-6B4A-45E9-80D8-0DB41B44229F}
	EndGlobalSection
EndGlobal
